
Microsoft Visual Studio Solution File, Format Version 12.00
# Visual Studio Version 17
VisualStudioVersion = 17.1.32319.34
MinimumVisualStudioVersion = 10.0.40219.1
Project("{FAE04EC0-301F-11D3-BF4B-00C04F79EFBC}") = "signal-r-persistence-demo", "signal-r-persistence-demo\signal-r-persistence-demo.csproj", "{2CABC7B5-7382-4E17-9C7C-C841E18B8021}"
EndProject
Global
	GlobalSection(SolutionConfigurationPlatforms) = preSolution
		Debug|Any CPU = Debug|Any CPU
		Release|Any CPU = Release|Any CPU
	EndGlobalSection
	GlobalSection(ProjectConfigurationPlatforms) = postSolution
		{2CABC7B5-7382-4E17-9C7C-C841E18B8021}.Debug|Any CPU.ActiveCfg = Debug|Any CPU
		{2CABC7B5-7382-4E17-9C7C-C841E18B8021}.Debug|Any CPU.Build.0 = Debug|Any CPU
		{2CABC7B5-7382-4E17-9C7C-C841E18B8021}.Release|Any CPU.ActiveCfg = Release|Any CPU
		{2CABC7B5-7382-4E17-9C7C-C841E18B8021}.Release|Any CPU.Build.0 = Release|Any CPU
	EndGlobalSection
	GlobalSection(SolutionProperties) = preSolution
		HideSolutionNode = FALSE
	EndGlobalSection
	GlobalSection(ExtensibilityGlobals) = postSolution
		SolutionGuid = {2712FF85-5B24-4191-831F-A1F87F387F50}
	EndGlobalSection
EndGlobal
